
Microsoft Visual Studio Solution File, Format Version 12.00
# Visual Studio Version 17
VisualStudioVersion = 17.3.32922.545
MinimumVisualStudioVersion = 10.0.40219.1
Project("{9A19103F-16F7-4668-BE54-9A1E7A4F7556}") = "CRUDWithMsSQL", "CRUDWithMsSQL\CRUDWithMsSQL.csproj", "{6A58F544-0A2C-4A5D-94DB-B7F055791C48}"
EndProject
Project("{9A19103F-16F7-4668-BE54-9A1E7A4F7556}") = "ClassLibrary.Data", "ClassLibrary.Data\ClassLibrary.Data.csproj", "{45D6A642-1D2F-4966-AB70-10284630F817}"
EndProject
Project("{FAE04EC0-301F-11D3-BF4B-00C04F79EFBC}") = "ClassLibrary.Service", "ClassLibrary.Service\ClassLibrary.Service.csproj", "{2A200349-218A-4A8B-8818-22B618E3D51C}"
EndProject
Global
	GlobalSection(SolutionConfigurationPlatforms) = preSolution
		Debug|Any CPU = Debug|Any CPU
		Release|Any CPU = Release|Any CPU
	EndGlobalSection
	GlobalSection(ProjectConfigurationPlatforms) = postSolution
		{6A58F544-0A2C-4A5D-94DB-B7F055791C48}.Debug|Any CPU.ActiveCfg = Debug|Any CPU
		{6A58F544-0A2C-4A5D-94DB-B7F055791C48}.Debug|Any CPU.Build.0 = Debug|Any CPU
		{6A58F544-0A2C-4A5D-94DB-B7F055791C48}.Release|Any CPU.ActiveCfg = Release|Any CPU
		{6A58F544-0A2C-4A5D-94DB-B7F055791C48}.Release|Any CPU.Build.0 = Release|Any CPU
		{45D6A642-1D2F-4966-AB70-10284630F817}.Debug|Any CPU.ActiveCfg = Debug|Any CPU
		{45D6A642-1D2F-4966-AB70-10284630F817}.Debug|Any CPU.Build.0 = Debug|Any CPU
		{45D6A642-1D2F-4966-AB70-10284630F817}.Release|Any CPU.ActiveCfg = Release|Any CPU
		{45D6A642-1D2F-4966-AB70-10284630F817}.Release|Any CPU.Build.0 = Release|Any CPU
		{2A200349-218A-4A8B-8818-22B618E3D51C}.Debug|Any CPU.ActiveCfg = Debug|Any CPU
		{2A200349-218A-4A8B-8818-22B618E3D51C}.Debug|Any CPU.Build.0 = Debug|Any CPU
		{2A200349-218A-4A8B-8818-22B618E3D51C}.Release|Any CPU.ActiveCfg = Release|Any CPU
		{2A200349-218A-4A8B-8818-22B618E3D51C}.Release|Any CPU.Build.0 = Release|Any CPU
	EndGlobalSection
	GlobalSection(SolutionProperties) = preSolution
		HideSolutionNode = FALSE
	EndGlobalSection
	GlobalSection(ExtensibilityGlobals) = postSolution
		SolutionGuid = {B6EBE7CB-8A2E-4A86-82AB-5E6AC5D987A4}
	EndGlobalSection
EndGlobal
